
Microsoft Visual Studio Solution File, Format Version 12.00
# Visual Studio 15
VisualStudioVersion = 15.0.27703.1
MinimumVisualStudioVersion = 10.0.40219.1
Project("{FAE04EC0-301F-11D3-BF4B-00C04F79EFBC}") = "spreadsheettoitem", "spreadsheettoitem\spreadsheettoitem.csproj", "{0FA6CD29-1B82-420A-B851-4DC86AA6C06A}"
EndProject
Global
	GlobalSection(SolutionConfigurationPlatforms) = preSolution
		Debug|Any CPU = Debug|Any CPU
		Release|Any CPU = Release|Any CPU
	EndGlobalSection
	GlobalSection(ProjectConfigurationPlatforms) = postSolution
		{0FA6CD29-1B82-420A-B851-4DC86AA6C06A}.Debug|Any CPU.ActiveCfg = Debug|Any CPU
		{0FA6CD29-1B82-420A-B851-4DC86AA6C06A}.Debug|Any CPU.Build.0 = Debug|Any CPU
		{0FA6CD29-1B82-420A-B851-4DC86AA6C06A}.Release|Any CPU.ActiveCfg = Release|Any CPU
		{0FA6CD29-1B82-420A-B851-4DC86AA6C06A}.Release|Any CPU.Build.0 = Release|Any CPU
	EndGlobalSection
	GlobalSection(SolutionProperties) = preSolution
		HideSolutionNode = FALSE
	EndGlobalSection
	GlobalSection(ExtensibilityGlobals) = postSolution
		SolutionGuid = {621EB957-7F53-42A3-BCC8-29E87DAD2484}
	EndGlobalSection
EndGlobal
